<?xml version="1.0" encoding="utf-8"?>
<Project ToolsVersion="4.0" xmlns="http://schemas.microsoft.com/developer/msbuild/2003">
  <ItemGroup>
    <Filter Include="Source Files">
      <UniqueIdentifier>{4FC737F1-C7A5-4376-A066-2A32D752A2FF}</UniqueIdentifier>
      <Extensions>cpp;c;cxx;def;odl;idl;hpj;bat;asm;asmx</Extensions>
    </Filter>
    <Filter Include="Header Files">
      <UniqueIdentifier>{93995380-89BD-4b04-88EB-625FBE52EBFB}</UniqueIdentifier>
      <Extensions>h;hpp;hxx;hm;inl;inc;xsd</Extensions>
    </Filter>
    <Filter Include="Resource Files">
      <UniqueIdentifier>{67DA6AB6-F800-4c08-8B7A-83BB121AAD01}</UniqueIdentifier>
      <Extensions>rc;ico;cur;bmp;dlg;rc2;rct;bin;rgs;gif;jpg;jpeg;jpe;resx</Extensions>
    </Filter>
  </ItemGroup>
  <ItemGroup>
    <ClCompile Include="DemoCamera.cpp">
      <Filter>Source Files</Filter>
    </ClCompile>
    <ClCompile Include="DemoHub.cpp">
      <Filter>Source Files</Filter>
    </ClCompile>
    <ClCompile Include="DemoFilterWheel.cpp">
      <Filter>Source Files</Filter>
    </ClCompile>
    <ClCompile Include="DemoLightPath.cpp">
      <Filter>Source Files</Filter>
    </ClCompile>
    <ClCompile Include="DemoObjectiveTurret.cpp">
      <Filter>Source Files</Filter>
    </ClCompile>
    <ClCompile Include="DemoStateDevice.cpp">
      <Filter>Source Files</Filter>
    </ClCompile>
    <ClCompile Include="DemoShutter.cpp">
      <Filter>Source Files</Filter>
    </ClCompile>
    <ClCompile Include="DemoXYStage.cpp">
      <Filter>Source Files</Filter>
    </ClCompile>
    <ClCompile Include="DemoDA.cpp">
      <Filter>Source Files</Filter>
    </ClCompile>
    <ClCompile Include="DemoMagnifier.cpp">
      <Filter>Source Files</Filter>
    </ClCompile>
    <ClCompile Include="ImageTranspose.cpp">
      <Filter>Source Files</Filter>
    </ClCompile>
    <ClCompile Include="ImageFlipX.cpp">
      <Filter>Source Files</Filter>
    </ClCompile>
    <ClCompile Include="ImageFlipY.cpp">
      <Filter>Source Files</Filter>
    </ClCompile>
    <ClCompile Include="ImageMedianFilter.cpp">
      <Filter>Source Files</Filter>
    </ClCompile>
    <ClCompile Include="DemoAutoFocus.cpp">
      <Filter>Source Files</Filter>
    </ClCompile>
    <ClCompile Include="DemoGalvo.cpp">
      <Filter>Source Files</Filter>
    </ClCompile>
    <ClCompile Include="DemoPressurePump.cpp">
      <Filter>Source Files</Filter>
    </ClCompile>
    <ClCompile Include="DemoVolumetricPump.cpp">
      <Filter>Source Files</Filter>
    </ClCompile>
  </ItemGroup>
  <ItemGroup>
    <ClInclude Include="DemoCamera.h">
      <Filter>Header Files</Filter>
    </ClInclude>
    <ClInclude Include="WriteCompactTiffRGB.h">
      <Filter>Header Files</Filter>
    </ClInclude>
    <ClInclude Include="DemoHub.h">
      <Filter>Header Files</Filter>
    </ClInclude>
    <ClInclude Include="DemoFilterWheel.h">
      <Filter>Header Files</Filter>
    </ClInclude>
    <ClInclude Include="DemoLightPath.h">
      <Filter>Header Files</Filter>
    </ClInclude>
    <ClInclude Include="DemoObjectiveTurret.h">
      <Filter>Header Files</Filter>
    </ClInclude>
    <ClInclude Include="DemoStateDevice.h">
      <Filter>Header Files</Filter>
    </ClInclude>
    <ClInclude Include="DemoStage.h">
      <Filter>Header Files</Filter>
    </ClInclude>
    <ClInclude Include="DemoXYStage.h">
      <Filter>Header Files</Filter>
    </ClInclude>
    <ClInclude Include="DemoShutter.h">
      <Filter>Header Files</Filter>
    </ClInclude>
    <ClInclude Include="DemoDA.h">
      <Filter>Header Files</Filter>
    </ClInclude>
    <ClInclude Include="DemoMagnifier.h">
      <Filter>Header Files</Filter>
    </ClInclude>
    <ClInclude Include="ImageTranspose.h">
      <Filter>Header Files</Filter>
    </ClInclude>
    <ClInclude Include="ImageFlipX.h">
      <Filter>Header Files</Filter>
    </ClInclude>
    <ClInclude Include="ImageFlipY.h">
      <Filter>Header Files</Filter>
    </ClInclude>
    <ClInclude Include="ImageMedianFilter.h">
      <Filter>Header Files</Filter>
    </ClInclude>
    <ClInclude Include="DemoAutoFocus.h">
      <Filter>Header Files</Filter>
    </ClInclude>
    <ClInclude Include="DemoGalvo.h">
      <Filter>Header Files</Filter>
    </ClInclude>
    <ClInclude Include="DemoPressurePump.h">
      <Filter>Header Files</Filter>
    </ClInclude>
    <ClInclude Include="DemoVolumetricPump.h">
      <Filter>Header Files</Filter>
    </ClInclude>
  </ItemGroup>
  <ItemGroup>
    <None Include="DemoStage.cpp">
      <Filter>Source Files</Filter>
    </None>
  </ItemGroup>
</Project>